
Microsoft Visual Studio Solution File, Format Version 12.00
# Visual Studio 15
VisualStudioVersion = 15.0.27004.2002
MinimumVisualStudioVersion = 10.0.40219.1
Project("{8BC9CEB8-8B4A-11D0-8D11-00A0C91BC942}") = "ConsoleApplication1", "ConsoleApplication1\ConsoleApplication1.vcxproj", "{09FEA6F5-ECE0-49D4-8519-9D68D892C48B}"
EndProject
Global
	GlobalSection(SolutionConfigurationPlatforms) = preSolution
		Debug|x64 = Debug|x64
		Debug|x86 = Debug|x86
		Release|x64 = Release|x64
		Release|x86 = Release|x86
	EndGlobalSection
	GlobalSection(ProjectConfigurationPlatforms) = postSolution
		{09FEA6F5-ECE0-49D4-8519-9D68D892C48B}.Debug|x64.ActiveCfg = Debug|x64
		{09FEA6F5-ECE0-49D4-8519-9D68D892C48B}.Debug|x64.Build.0 = Debug|x64
		{09FEA6F5-ECE0-49D4-8519-9D68D892C48B}.Debug|x86.ActiveCfg = Debug|Win32
		{09FEA6F5-ECE0-49D4-8519-9D68D892C48B}.Debug|x86.Build.0 = Debug|Win32
		{09FEA6F5-ECE0-49D4-8519-9D68D892C48B}.Release|x64.ActiveCfg = Release|x64
		{09FEA6F5-ECE0-49D4-8519-9D68D892C48B}.Release|x64.Build.0 = Release|x64
		{09FEA6F5-ECE0-49D4-8519-9D68D892C48B}.Release|x86.ActiveCfg = Release|Win32
		{09FEA6F5-ECE0-49D4-8519-9D68D892C48B}.Release|x86.Build.0 = Release|Win32
	EndGlobalSection
	GlobalSection(SolutionProperties) = preSolution
		HideSolutionNode = FALSE
	EndGlobalSection
	GlobalSection(ExtensibilityGlobals) = postSolution
		SolutionGuid = {E797E360-6A00-4F1B-8534-315643151F6B}
	EndGlobalSection
EndGlobal
